{
  "originHash" : "a0f8f134373537f23d9daeed8b664f98d85c0eac4cb5c0c580f499a4950e5e9e",
  "pins" : [
    {
      "identity" : "swiftlintplugins",
      "kind" : "remoteSourceControl",
      "location" : "https://github.com/SimplyDanny/SwiftLintPlugins",
      "state" : {
        "revision" : "7c80ce6f142164b0201871e580b021d1b2c69804",
        "version" : "0.57.0"
      }
    }
  ],
  "version" : 3
}
